// !$*UTF8*$!
{
	archiveVersion = 1;
	classes = {
	};
	objectVersion = 55;
	objects = {

/* Begin PBXBuildFile section */
		FE40691F2711470400A662E0 /* AppDelegate.swift in Sources */ = {isa = PBXBuildFile; fileRef = FE40691E2711470400A662E0 /* AppDelegate.swift */; };
		FE4069212711470400A662E0 /* SceneDelegate.swift in Sources */ = {isa = PBXBuildFile; fileRef = FE4069202711470400A662E0 /* SceneDelegate.swift */; };
		FE4069232711470400A662E0 /* ViewController.swift in Sources */ = {isa = PBXBuildFile; fileRef = FE4069222711470400A662E0 /* ViewController.swift */; };
		FE4069262711470400A662E0 /* Main.storyboard in Resources */ = {isa = PBXBuildFile; fileRef = FE4069242711470400A662E0 /* Main.storyboard */; };
		FE4069282711470500A662E0 /* Assets.xcassets in Resources */ = {isa = PBXBuildFile; fileRef = FE4069272711470500A662E0 /* Assets.xcassets */; };
		FE40692B2711470500A662E0 /* LaunchScreen.storyboard in Resources */ = {isa = PBXBuildFile; fileRef = FE4069292711470500A662E0 /* LaunchScreen.storyboard */; };
		FE4069342711AA5700A662E0 /* TextFieldEffects in Frameworks */ = {isa = PBXBuildFile; productRef = FE4069332711AA5700A662E0 /* TextFieldEffects */; };
		FE4069392711BE9F00A662E0 /* TweeTextField in Frameworks */ = {isa = PBXBuildFile; productRef = FE4069382711BE9F00A662E0 /* TweeTextField */; };
		FE40693B2711CAF100A662E0 /* ProfileViewController.swift in Sources */ = {isa = PBXBuildFile; fileRef = FE40693A2711CAF100A662E0 /* ProfileViewController.swift */; };
/* End PBXBuildFile section */

/* Begin PBXFileReference section */
		FE40691B2711470400A662E0 /* DrinkWater.app */ = {isa = PBXFileReference; explicitFileType = wrapper.application; includeInIndex = 0; path = DrinkWater.app; sourceTree = BUILT_PRODUCTS_DIR; };
		FE40691E2711470400A662E0 /* AppDelegate.swift */ = {isa = PBXFileReference; lastKnownFileType = sourcecode.swift; path = AppDelegate.swift; sourceTree = "<group>"; };
		FE4069202711470400A662E0 /* SceneDelegate.swift */ = {isa = PBXFileReference; lastKnownFileType = sourcecode.swift; path = SceneDelegate.swift; sourceTree = "<group>"; };
		FE4069222711470400A662E0 /* ViewController.swift */ = {isa = PBXFileReference; lastKnownFileType = sourcecode.swift; path = ViewController.swift; sourceTree = "<group>"; };
		FE4069252711470400A662E0 /* Base */ = {isa = PBXFileReference; lastKnownFileType = file.storyboard; name = Base; path = Base.lproj/Main.storyboard; sourceTree = "<group>"; };
		FE4069272711470500A662E0 /* Assets.xcassets */ = {isa = PBXFileReference; lastKnownFileType = folder.assetcatalog; path = Assets.xcassets; sourceTree = "<group>"; };
		FE40692A2711470500A662E0 /* Base */ = {isa = PBXFileReference; lastKnownFileType = file.storyboard; name = Base; path = Base.lproj/LaunchScreen.storyboard; sourceTree = "<group>"; };
		FE40692C2711470500A662E0 /* Info.plist */ = {isa = PBXFileReference; lastKnownFileType = text.plist.xml; path = Info.plist; sourceTree = "<group>"; };
		FE40693A2711CAF100A662E0 /* ProfileViewController.swift */ = {isa = PBXFileReference; lastKnownFileType = sourcecode.swift; path = ProfileViewController.swift; sourceTree = "<group>"; };
/* End PBXFileReference section */

/* Begin PBXFrameworksBuildPhase section */
		FE4069182711470400A662E0 /* Frameworks */ = {
			isa = PBXFrameworksBuildPhase;
			buildActionMask = 2147483647;
			files = (
				FE4069342711AA5700A662E0 /* TextFieldEffects in Frameworks */,
				FE4069392711BE9F00A662E0 /* TweeTextField in Frameworks */,
			);
			runOnlyForDeploymentPostprocessing = 0;
		};
/* End PBXFrameworksBuildPhase section */

/* Begin PBXGroup section */
		FE4069122711470400A662E0 = {
			isa = PBXGroup;
			children = (
				FE40691D2711470400A662E0 /* DrinkWater */,
				FE40691C2711470400A662E0 /* Products */,
			);
			sourceTree = "<group>";
		};
		FE40691C2711470400A662E0 /* Products */ = {
			isa = PBXGroup;
			children = (
				FE40691B2711470400A662E0 /* DrinkWater.app */,
			);
			name = Products;
			sourceTree = "<group>";
		};
		FE40691D2711470400A662E0 /* DrinkWater */ = {
			isa = PBXGroup;
			children = (
				FE40691E2711470400A662E0 /* AppDelegate.swift */,
				FE4069202711470400A662E0 /* SceneDelegate.swift */,
				FE4069222711470400A662E0 /* ViewController.swift */,
				FE4069242711470400A662E0 /* Main.storyboard */,
				FE4069272711470500A662E0 /* Assets.xcassets */,
				FE4069292711470500A662E0 /* LaunchScreen.storyboard */,
				FE40692C2711470500A662E0 /* Info.plist */,
				FE40693A2711CAF100A662E0 /* ProfileViewController.swift */,
			);
			path = DrinkWater;
			sourceTree = "<group>";
		};
/* End PBXGroup section */

/* Begin PBXNativeTarget section */
		FE40691A2711470400A662E0 /* DrinkWater */ = {
			isa = PBXNativeTarget;
			buildConfigurationList = FE40692F2711470500A662E0 /* Build configuration list for PBXNativeTarget "DrinkWater" */;
			buildPhases = (
				FE4069172711470400A662E0 /* Sources */,
				FE4069182711470400A662E0 /* Frameworks */,
				FE4069192711470400A662E0 /* Resources */,
			);
			buildRules = (
			);
			dependencies = (
			);
			name = DrinkWater;
			packageProductDependencies = (
				FE4069332711AA5700A662E0 /* TextFieldEffects */,
				FE4069382711BE9F00A662E0 /* TweeTextField */,
			);
			productName = DrinkWater;
			productReference = FE40691B2711470400A662E0 /* DrinkWater.app */;
			productType = "com.apple.product-type.application";
		};
/* End PBXNativeTarget section */

/* Begin PBXProject section */
		FE4069132711470400A662E0 /* Project object */ = {
			isa = PBXProject;
			attributes = {
				BuildIndependentTargetsInParallel = 1;
				LastSwiftUpdateCheck = 1300;
				LastUpgradeCheck = 1300;
				TargetAttributes = {
					FE40691A2711470400A662E0 = {
						CreatedOnToolsVersion = 13.0;
					};
				};
			};
			buildConfigurationList = FE4069162711470400A662E0 /* Build configuration list for PBXProject "DrinkWater" */;
			compatibilityVersion = "Xcode 13.0";
			developmentRegion = en;
			hasScannedForEncodings = 0;
			knownRegions = (
				en,
				Base,
			);
			mainGroup = FE4069122711470400A662E0;
			packageReferences = (
				FE4069322711AA5700A662E0 /* XCRemoteSwiftPackageReference "TextFieldEffects" */,
				FE4069372711BE9F00A662E0 /* XCRemoteSwiftPackageReference "TweeTextField" */,
			);
			productRefGroup = FE40691C2711470400A662E0 /* Products */;
			projectDirPath = "";
			projectRoot = "";
			targets = (
				FE40691A2711470400A662E0 /* DrinkWater */,
			);
		};
/* End PBXProject section */

/* Begin PBXResourcesBuildPhase section */
		FE4069192711470400A662E0 /* Resources */ = {
			isa = PBXResourcesBuildPhase;
			buildActionMask = 2147483647;
			files = (
				FE40692B2711470500A662E0 /* LaunchScreen.storyboard in Resources */,
				FE4069282711470500A662E0 /* Assets.xcassets in Resources */,
				FE4069262711470400A662E0 /* Main.storyboard in Resources */,
			);
			runOnlyForDeploymentPostprocessing = 0;
		};
/* End PBXResourcesBuildPhase section */

/* Begin PBXSourcesBuildPhase section */
		FE4069172711470400A662E0 /* Sources */ = {
			isa = PBXSourcesBuildPhase;
			buildActionMask = 2147483647;
			files = (
				FE4069232711470400A662E0 /* ViewController.swift in Sources */,
				FE40691F2711470400A662E0 /* AppDelegate.swift in Sources */,
				FE40693B2711CAF100A662E0 /* ProfileViewController.swift in Sources */,
				FE4069212711470400A662E0 /* SceneDelegate.swift in Sources */,
			);
			runOnlyForDeploymentPostprocessing = 0;
		};
/* End PBXSourcesBuildPhase section */

/* Begin PBXVariantGroup section */
		FE4069242711470400A662E0 /* Main.storyboard */ = {
			isa = PBXVariantGroup;
			children = (
				FE4069252711470400A662E0 /* Base */,
			);
			name = Main.storyboard;
			sourceTree = "<group>";
		};
		FE4069292711470500A662E0 /* LaunchScreen.storyboard */ = {
			isa = PBXVariantGroup;
			children = (
				FE40692A2711470500A662E0 /* Base */,
			);
			name = LaunchScreen.storyboard;
			sourceTree = "<group>";
		};
/* End PBXVariantGroup section */

/* Begin XCBuildConfiguration section */
		FE40692D2711470500A662E0 /* Debug */ = {
			isa = XCBuildConfiguration;
			buildSettings = {
				ALWAYS_SEARCH_USER_PATHS = NO;
				CLANG_ANALYZER_NONNULL = YES;
				CLANG_ANALYZER_NUMBER_OBJECT_CONVERSION = YES_AGGRESSIVE;
				CLANG_CXX_LANGUAGE_STANDARD = "gnu++17";
				CLANG_CXX_LIBRARY = "libc++";
				CLANG_ENABLE_MODULES = YES;
				CLANG_ENABLE_OBJC_ARC = YES;
				CLANG_ENABLE_OBJC_WEAK = YES;
				CLANG_WARN_BLOCK_CAPTURE_AUTORELEASING = YES;
				CLANG_WARN_BOOL_CONVERSION = YES;
				CLANG_WARN_COMMA = YES;
				CLANG_WARN_CONSTANT_CONVERSION = YES;
				CLANG_WARN_DEPRECATED_OBJC_IMPLEMENTATIONS = YES;
				CLANG_WARN_DIRECT_OBJC_ISA_USAGE = YES_ERROR;
				CLANG_WARN_DOCUMENTATION_COMMENTS = YES;
				CLANG_WARN_EMPTY_BODY = YES;
				CLANG_WARN_ENUM_CONVERSION = YES;
				CLANG_WARN_INFINITE_RECURSION = YES;
				CLANG_WARN_INT_CONVERSION = YES;
				CLANG_WARN_NON_LITERAL_NULL_CONVERSION = YES;
				CLANG_WARN_OBJC_IMPLICIT_RETAIN_SELF = YES;
				CLANG_WARN_OBJC_LITERAL_CONVERSION = YES;
				CLANG_WARN_OBJC_ROOT_CLASS = YES_ERROR;
				CLANG_WARN_QUOTED_INCLUDE_IN_FRAMEWORK_HEADER = YES;
				CLANG_WARN_RANGE_LOOP_ANALYSIS = YES;
				CLANG_WARN_STRICT_PROTOTYPES = YES;
				CLANG_WARN_SUSPICIOUS_MOVE = YES;
				CLANG_WARN_UNGUARDED_AVAILABILITY = YES_AGGRESSIVE;
				CLANG_WARN_UNREACHABLE_CODE = YES;
				CLANG_WARN__DUPLICATE_METHOD_MATCH = YES;
				COPY_PHASE_STRIP = NO;
				DEBUG_INFORMATION_FORMAT = dwarf;
				ENABLE_STRICT_OBJC_MSGSEND = YES;
				ENABLE_TESTABILITY = YES;
				GCC_C_LANGUAGE_STANDARD = gnu11;
				GCC_DYNAMIC_NO_PIC = NO;
				GCC_NO_COMMON_BLOCKS = YES;
				GCC_OPTIMIZATION_LEVEL = 0;
				GCC_PREPROCESSOR_DEFINITIONS = (
					"DEBUG=1",
					"$(inherited)",
				);
				GCC_WARN_64_TO_32_BIT_CONVERSION = YES;
				GCC_WARN_ABOUT_RETURN_TYPE = YES_ERROR;
				GCC_WARN_UNDECLARED_SELECTOR = YES;
				GCC_WARN_UNINITIALIZED_AUTOS = YES_AGGRESSIVE;
				GCC_WARN_UNUSED_FUNCTION = YES;
				GCC_WARN_UNUSED_VARIABLE = YES;
				IPHONEOS_DEPLOYMENT_TARGET = 15.0;
				MTL_ENABLE_DEBUG_INFO = INCLUDE_SOURCE;
				MTL_FAST_MATH = YES;
				ONLY_ACTIVE_ARCH = YES;
				SDKROOT = iphoneos;
				SWIFT_ACTIVE_COMPILATION_CONDITIONS = DEBUG;
				SWIFT_OPTIMIZATION_LEVEL = "-Onone";
			};
			name = Debug;
		};
		FE40692E2711470500A662E0 /* Release */ = {
			isa = XCBuildConfiguration;
			buildSettings = {
				ALWAYS_SEARCH_USER_PATHS = NO;
				CLANG_ANALYZER_NONNULL = YES;
				CLANG_ANALYZER_NUMBER_OBJECT_CONVERSION = YES_AGGRESSIVE;
				CLANG_CXX_LANGUAGE_STANDARD = "gnu++17";
				CLANG_CXX_LIBRARY = "libc++";
				CLANG_ENABLE_MODULES = YES;
				CLANG_ENABLE_OBJC_ARC = YES;
				CLANG_ENABLE_OBJC_WEAK = YES;
				CLANG_WARN_BLOCK_CAPTURE_AUTORELEASING = YES;
				CLANG_WARN_BOOL_CONVERSION = YES;
				CLANG_WARN_COMMA = YES;
				CLANG_WARN_CONSTANT_CONVERSION = YES;
				CLANG_WARN_DEPRECATED_OBJC_IMPLEMENTATIONS = YES;
				CLANG_WARN_DIRECT_OBJC_ISA_USAGE = YES_ERROR;
				CLANG_WARN_DOCUMENTATION_COMMENTS = YES;
				CLANG_WARN_EMPTY_BODY = YES;
				CLANG_WARN_ENUM_CONVERSION = YES;
				CLANG_WARN_INFINITE_RECURSION = YES;
				CLANG_WARN_INT_CONVERSION = YES;
				CLANG_WARN_NON_LITERAL_NULL_CONVERSION = YES;
				CLANG_WARN_OBJC_IMPLICIT_RETAIN_SELF = YES;
				CLANG_WARN_OBJC_LITERAL_CONVERSION = YES;
				CLANG_WARN_OBJC_ROOT_CLASS = YES_ERROR;
				CLANG_WARN_QUOTED_INCLUDE_IN_FRAMEWORK_HEADER = YES;
				CLANG_WARN_RANGE_LOOP_ANALYSIS = YES;
				CLANG_WARN_STRICT_PROTOTYPES = YES;
				CLANG_WARN_SUSPICIOUS_MOVE = YES;
				CLANG_WARN_UNGUARDED_AVAILABILITY = YES_AGGRESSIVE;
				CLANG_WARN_UNREACHABLE_CODE = YES;
				CLANG_WARN__DUPLICATE_METHOD_MATCH = YES;
				COPY_PHASE_STRIP = NO;
				DEBUG_INFORMATION_FORMAT = "dwarf-with-dsym";
				ENABLE_NS_ASSERTIONS = NO;
				ENABLE_STRICT_OBJC_MSGSEND = YES;
				GCC_C_LANGUAGE_STANDARD = gnu11;
				GCC_NO_COMMON_BLOCKS = YES;
				GCC_WARN_64_TO_32_BIT_CONVERSION = YES;
				GCC_WARN_ABOUT_RETURN_TYPE = YES_ERROR;
				GCC_WARN_UNDECLARED_SELECTOR = YES;
				GCC_WARN_UNINITIALIZED_AUTOS = YES_AGGRESSIVE;
				GCC_WARN_UNUSED_FUNCTION = YES;
				GCC_WARN_UNUSED_VARIABLE = YES;
				IPHONEOS_DEPLOYMENT_TARGET = 15.0;
				MTL_ENABLE_DEBUG_INFO = NO;
				MTL_FAST_MATH = YES;
				SDKROOT = iphoneos;
				SWIFT_COMPILATION_MODE = wholemodule;
				SWIFT_OPTIMIZATION_LEVEL = "-O";
				VALIDATE_PRODUCT = YES;
			};
			name = Release;
		};
		FE4069302711470500A662E0 /* Debug */ = {
			isa = XCBuildConfiguration;
			buildSettings = {
				ASSETCATALOG_COMPILER_APPICON_NAME = AppIcon;
				ASSETCATALOG_COMPILER_GLOBAL_ACCENT_COLOR_NAME = AccentColor;
				CODE_SIGN_STYLE = Automatic;
				CURRENT_PROJECT_VERSION = 1;
				DEVELOPMENT_TEAM = YWSA3TX7T7;
				GENERATE_INFOPLIST_FILE = YES;
				INFOPLIST_FILE = DrinkWater/Info.plist;
				INFOPLIST_KEY_UIApplicationSupportsIndirectInputEvents = YES;
				INFOPLIST_KEY_UILaunchStoryboardName = LaunchScreen;
				INFOPLIST_KEY_UIMainStoryboardFile = Main;
				INFOPLIST_KEY_UISupportedInterfaceOrientations_iPad = "UIInterfaceOrientationPortrait UIInterfaceOrientationPortraitUpsideDown UIInterfaceOrientationLandscapeLeft UIInterfaceOrientationLandscapeRight";
				INFOPLIST_KEY_UISupportedInterfaceOrientations_iPhone = "UIInterfaceOrientationPortrait UIInterfaceOrientationLandscapeLeft UIInterfaceOrientationLandscapeRight";
				LD_RUNPATH_SEARCH_PATHS = (
					"$(inherited)",
					"@executable_path/Frameworks",
				);
				MARKETING_VERSION = 1.0;
				PRODUCT_BUNDLE_IDENTIFIER = com.kobong.DrinkWater;
				PRODUCT_NAME = "$(TARGET_NAME)";
				SWIFT_EMIT_LOC_STRINGS = YES;
				SWIFT_VERSION = 5.0;
				TARGETED_DEVICE_FAMILY = "1,2";
			};
			name = Debug;
		};
		FE4069312711470500A662E0 /* Release */ = {
			isa = XCBuildConfiguration;
			buildSettings = {
				ASSETCATALOG_COMPILER_APPICON_NAME = AppIcon;
				ASSETCATALOG_COMPILER_GLOBAL_ACCENT_COLOR_NAME = AccentColor;
				CODE_SIGN_STYLE = Automatic;
				CURRENT_PROJECT_VERSION = 1;
				DEVELOPMENT_TEAM = YWSA3TX7T7;
				GENERATE_INFOPLIST_FILE = YES;
				INFOPLIST_FILE = DrinkWater/Info.plist;
				INFOPLIST_KEY_UIApplicationSupportsIndirectInputEvents = YES;
				INFOPLIST_KEY_UILaunchStoryboardName = LaunchScreen;
				INFOPLIST_KEY_UIMainStoryboardFile = Main;
				INFOPLIST_KEY_UISupportedInterfaceOrientations_iPad = "UIInterfaceOrientationPortrait UIInterfaceOrientationPortraitUpsideDown UIInterfaceOrientationLandscapeLeft UIInterfaceOrientationLandscapeRight";
				INFOPLIST_KEY_UISupportedInterfaceOrientations_iPhone = "UIInterfaceOrientationPortrait UIInterfaceOrientationLandscapeLeft UIInterfaceOrientationLandscapeRight";
				LD_RUNPATH_SEARCH_PATHS = (
					"$(inherited)",
					"@executable_path/Frameworks",
				);
				MARKETING_VERSION = 1.0;
				PRODUCT_BUNDLE_IDENTIFIER = com.kobong.DrinkWater;
				PRODUCT_NAME = "$(TARGET_NAME)";
				SWIFT_EMIT_LOC_STRINGS = YES;
				SWIFT_VERSION = 5.0;
				TARGETED_DEVICE_FAMILY = "1,2";
			};
			name = Release;
		};
/* End XCBuildConfiguration section */

/* Begin XCConfigurationList section */
		FE4069162711470400A662E0 /* Build configuration list for PBXProject "DrinkWater" */ = {
			isa = XCConfigurationList;
			buildConfigurations = (
				FE40692D2711470500A662E0 /* Debug */,
				FE40692E2711470500A662E0 /* Release */,
			);
			defaultConfigurationIsVisible = 0;
			defaultConfigurationName = Release;
		};
		FE40692F2711470500A662E0 /* Build configuration list for PBXNativeTarget "DrinkWater" */ = {
			isa = XCConfigurationList;
			buildConfigurations = (
				FE4069302711470500A662E0 /* Debug */,
				FE4069312711470500A662E0 /* Release */,
			);
			defaultConfigurationIsVisible = 0;
			defaultConfigurationName = Release;
		};
/* End XCConfigurationList section */

/* Begin XCRemoteSwiftPackageReference section */
		FE4069322711AA5700A662E0 /* XCRemoteSwiftPackageReference "TextFieldEffects" */ = {
			isa = XCRemoteSwiftPackageReference;
			repositoryURL = "https://github.com/raulriera/TextFieldEffects.git";
			requirement = {
				branch = master;
				kind = branch;
			};
		};
		FE4069372711BE9F00A662E0 /* XCRemoteSwiftPackageReference "TweeTextField" */ = {
			isa = XCRemoteSwiftPackageReference;
			repositoryURL = "https://github.com/oleghnidets/TweeTextField.git";
			requirement = {
				kind = upToNextMajorVersion;
				minimumVersion = 1.0.0;
			};
		};
/* End XCRemoteSwiftPackageReference section */

/* Begin XCSwiftPackageProductDependency section */
		FE4069332711AA5700A662E0 /* TextFieldEffects */ = {
			isa = XCSwiftPackageProductDependency;
			package = FE4069322711AA5700A662E0 /* XCRemoteSwiftPackageReference "TextFieldEffects" */;
			productName = TextFieldEffects;
		};
		FE4069382711BE9F00A662E0 /* TweeTextField */ = {
			isa = XCSwiftPackageProductDependency;
			package = FE4069372711BE9F00A662E0 /* XCRemoteSwiftPackageReference "TweeTextField" */;
			productName = TweeTextField;
		};
/* End XCSwiftPackageProductDependency section */
	};
	rootObject = FE4069132711470400A662E0 /* Project object */;
}
